
Microsoft Visual Studio Solution File, Format Version 12.00
# Visual Studio 15
VisualStudioVersion = 15.0.27130.2036
MinimumVisualStudioVersion = 10.0.40219.1
Project("{9A19103F-16F7-4668-BE54-9A1E7A4F7556}") = "Blog.Core", "src\Blog.Core\Blog.Core.csproj", "{5AAB622C-533D-458E-970B-324651B3E6C4}"
EndProject
Project("{9A19103F-16F7-4668-BE54-9A1E7A4F7556}") = "Blog.BusinessLogic", "src\Blog.BusinessLogic\Blog.BusinessLogic.csproj", "{343B658E-D921-4D4B-9624-69F84E85FACC}"
EndProject
Project("{9A19103F-16F7-4668-BE54-9A1E7A4F7556}") = "Blog.Data.EntityFramework", "src\Blog.Data.EntityFramework\Blog.Data.EntityFramework.csproj", "{A4AB8081-5F18-4A4F-986C-8C26F53603F0}"
EndProject
Project("{9A19103F-16F7-4668-BE54-9A1E7A4F7556}") = "Blog.Extensions", "src\Blog.Extensions\Blog.Extensions.csproj", "{011A13F4-3A5A-4509-B0D0-AB519D239285}"
EndProject
Project("{9A19103F-16F7-4668-BE54-9A1E7A4F7556}") = "Blog.Website.Core", "src\Blog.Website.Core\Blog.Website.Core.csproj", "{A469D5A1-EE24-4A6D-B9D0-583CC24F5532}"
EndProject
Project("{9A19103F-16F7-4668-BE54-9A1E7A4F7556}") = "Blog.Website", "src\Blog.Website\Blog.Website.csproj", "{B0A4C5AF-CD45-4376-9DB0-F2C122CCCD3D}"
EndProject
Project("{FAE04EC0-301F-11D3-BF4B-00C04F79EFBC}") = "Blog.Data.Contracts", "src\Blog.Data.Contracts\Blog.Data.Contracts.csproj", "{748C7290-EC44-46D0-AE8D-D27F0B87574B}"
EndProject
Project("{2150E333-8FDC-42A3-9474-1A3956D46DE8}") = "SolutionItems", "SolutionItems", "{F26953EA-040B-46D0-823F-4AA05B5B26E3}"
ProjectSection(SolutionItems) = preProject
	deploy.ps1 = deploy.ps1
	appveyor.yml = appveyor.yml
	Dockerfile = Dockerfile
	README.md = README.md
	LICENSE = LICENSE
	.gitignore = .gitignore
	build.ps1 = build.ps1
	.dockerignore = .dockerignore
EndProjectSection
EndProject
Project("{FAE04EC0-301F-11D3-BF4B-00C04F79EFBC}") = "Blog.Data.Mongo", "src\Blog.Data.Mongo\Blog.Data.Mongo.csproj", "{63B4038C-C0DC-4BDB-95F3-1C6BAE178D73}"
EndProject
Project("{FAE04EC0-301F-11D3-BF4B-00C04F79EFBC}") = "Blog.Website.Models", "src\Blog.Website.Models\Blog.Website.Models.csproj", "{01B4B5D2-1F5E-46DC-85A9-8973F027ADB5}"
EndProject
Project("{FAE04EC0-301F-11D3-BF4B-00C04F79EFBC}") = "Blog.Data.EntityFramework.MemoryCache", "src\Blog.Data.EntityFramework.MemoryCache\Blog.Data.EntityFramework.MemoryCache.csproj", "{BD425250-4498-4E00-986B-9B1999E7E34A}"
EndProject
Global
	GlobalSection(SolutionConfigurationPlatforms) = preSolution
		Debug|Any CPU = Debug|Any CPU
		Release|Any CPU = Release|Any CPU
	EndGlobalSection
	GlobalSection(ProjectConfigurationPlatforms) = postSolution
		{5AAB622C-533D-458E-970B-324651B3E6C4}.Debug|Any CPU.ActiveCfg = Debug|Any CPU
		{5AAB622C-533D-458E-970B-324651B3E6C4}.Debug|Any CPU.Build.0 = Debug|Any CPU
		{5AAB622C-533D-458E-970B-324651B3E6C4}.Release|Any CPU.ActiveCfg = Release|Any CPU
		{5AAB622C-533D-458E-970B-324651B3E6C4}.Release|Any CPU.Build.0 = Release|Any CPU
		{343B658E-D921-4D4B-9624-69F84E85FACC}.Debug|Any CPU.ActiveCfg = Debug|Any CPU
		{343B658E-D921-4D4B-9624-69F84E85FACC}.Debug|Any CPU.Build.0 = Debug|Any CPU
		{343B658E-D921-4D4B-9624-69F84E85FACC}.Release|Any CPU.ActiveCfg = Release|Any CPU
		{343B658E-D921-4D4B-9624-69F84E85FACC}.Release|Any CPU.Build.0 = Release|Any CPU
		{A4AB8081-5F18-4A4F-986C-8C26F53603F0}.Debug|Any CPU.ActiveCfg = Debug|Any CPU
		{A4AB8081-5F18-4A4F-986C-8C26F53603F0}.Debug|Any CPU.Build.0 = Debug|Any CPU
		{A4AB8081-5F18-4A4F-986C-8C26F53603F0}.Release|Any CPU.ActiveCfg = Release|Any CPU
		{A4AB8081-5F18-4A4F-986C-8C26F53603F0}.Release|Any CPU.Build.0 = Release|Any CPU
		{011A13F4-3A5A-4509-B0D0-AB519D239285}.Debug|Any CPU.ActiveCfg = Debug|Any CPU
		{011A13F4-3A5A-4509-B0D0-AB519D239285}.Debug|Any CPU.Build.0 = Debug|Any CPU
		{011A13F4-3A5A-4509-B0D0-AB519D239285}.Release|Any CPU.ActiveCfg = Release|Any CPU
		{011A13F4-3A5A-4509-B0D0-AB519D239285}.Release|Any CPU.Build.0 = Release|Any CPU
		{A469D5A1-EE24-4A6D-B9D0-583CC24F5532}.Debug|Any CPU.ActiveCfg = Debug|Any CPU
		{A469D5A1-EE24-4A6D-B9D0-583CC24F5532}.Debug|Any CPU.Build.0 = Debug|Any CPU
		{A469D5A1-EE24-4A6D-B9D0-583CC24F5532}.Release|Any CPU.ActiveCfg = Release|Any CPU
		{A469D5A1-EE24-4A6D-B9D0-583CC24F5532}.Release|Any CPU.Build.0 = Release|Any CPU
		{B0A4C5AF-CD45-4376-9DB0-F2C122CCCD3D}.Debug|Any CPU.ActiveCfg = Debug|Any CPU
		{B0A4C5AF-CD45-4376-9DB0-F2C122CCCD3D}.Debug|Any CPU.Build.0 = Debug|Any CPU
		{B0A4C5AF-CD45-4376-9DB0-F2C122CCCD3D}.Release|Any CPU.ActiveCfg = Release|Any CPU
		{B0A4C5AF-CD45-4376-9DB0-F2C122CCCD3D}.Release|Any CPU.Build.0 = Release|Any CPU
		{033E6D55-9865-4EBE-8E6A-B8F5BB1DF669}.Debug|Any CPU.ActiveCfg = Debug|Any CPU
		{033E6D55-9865-4EBE-8E6A-B8F5BB1DF669}.Debug|Any CPU.Build.0 = Debug|Any CPU
		{033E6D55-9865-4EBE-8E6A-B8F5BB1DF669}.Release|Any CPU.ActiveCfg = Release|Any CPU
		{033E6D55-9865-4EBE-8E6A-B8F5BB1DF669}.Release|Any CPU.Build.0 = Release|Any CPU
		{748C7290-EC44-46D0-AE8D-D27F0B87574B}.Debug|Any CPU.ActiveCfg = Debug|Any CPU
		{748C7290-EC44-46D0-AE8D-D27F0B87574B}.Debug|Any CPU.Build.0 = Debug|Any CPU
		{748C7290-EC44-46D0-AE8D-D27F0B87574B}.Release|Any CPU.ActiveCfg = Release|Any CPU
		{748C7290-EC44-46D0-AE8D-D27F0B87574B}.Release|Any CPU.Build.0 = Release|Any CPU
		{63B4038C-C0DC-4BDB-95F3-1C6BAE178D73}.Debug|Any CPU.ActiveCfg = Debug|Any CPU
		{63B4038C-C0DC-4BDB-95F3-1C6BAE178D73}.Debug|Any CPU.Build.0 = Debug|Any CPU
		{63B4038C-C0DC-4BDB-95F3-1C6BAE178D73}.Release|Any CPU.ActiveCfg = Release|Any CPU
		{63B4038C-C0DC-4BDB-95F3-1C6BAE178D73}.Release|Any CPU.Build.0 = Release|Any CPU
		{01B4B5D2-1F5E-46DC-85A9-8973F027ADB5}.Debug|Any CPU.ActiveCfg = Debug|Any CPU
		{01B4B5D2-1F5E-46DC-85A9-8973F027ADB5}.Debug|Any CPU.Build.0 = Debug|Any CPU
		{01B4B5D2-1F5E-46DC-85A9-8973F027ADB5}.Release|Any CPU.ActiveCfg = Release|Any CPU
		{01B4B5D2-1F5E-46DC-85A9-8973F027ADB5}.Release|Any CPU.Build.0 = Release|Any CPU
		{BD425250-4498-4E00-986B-9B1999E7E34A}.Debug|Any CPU.ActiveCfg = Debug|Any CPU
		{BD425250-4498-4E00-986B-9B1999E7E34A}.Debug|Any CPU.Build.0 = Debug|Any CPU
		{BD425250-4498-4E00-986B-9B1999E7E34A}.Release|Any CPU.ActiveCfg = Release|Any CPU
		{BD425250-4498-4E00-986B-9B1999E7E34A}.Release|Any CPU.Build.0 = Release|Any CPU
	EndGlobalSection
	GlobalSection(SolutionProperties) = preSolution
		HideSolutionNode = FALSE
	EndGlobalSection
	GlobalSection(ExtensibilityGlobals) = postSolution
		SolutionGuid = {1C874D56-195C-44A8-90A4-B015AB1F7540}
	EndGlobalSection
EndGlobal
